// !$*UTF8*$!
{
	archiveVersion = 1;
	classes = {
	};
	objectVersion = 77;
	objects = {

/* Begin PBXContainerItemProxy section */
		E8571A282E50B3B3001CAD9D /* PBXContainerItemProxy */ = {
			isa = PBXContainerItemProxy;
			containerPortal = E8571A092E50B3B2001CAD9D /* Project object */;
			proxyType = 1;
			remoteGlobalIDString = E8571A102E50B3B2001CAD9D;
			remoteInfo = PodoIt;
		};
		E8571A322E50B3B3001CAD9D /* PBXContainerItemProxy */ = {
			isa = PBXContainerItemProxy;
			containerPortal = E8571A092E50B3B2001CAD9D /* Project object */;
			proxyType = 1;
			remoteGlobalIDString = E8571A102E50B3B2001CAD9D;
			remoteInfo = PodoIt;
		};
/* End PBXContainerItemProxy section */

/* Begin PBXFileReference section */
		E8571A112E50B3B2001CAD9D /* PodoIt.app */ = {isa = PBXFileReference; explicitFileType = wrapper.application; includeInIndex = 0; path = PodoIt.app; sourceTree = BUILT_PRODUCTS_DIR; };
		E8571A272E50B3B3001CAD9D /* PodoItTests.xctest */ = {isa = PBXFileReference; explicitFileType = wrapper.cfbundle; includeInIndex = 0; path = PodoItTests.xctest; sourceTree = BUILT_PRODUCTS_DIR; };
		E8571A312E50B3B3001CAD9D /* PodoItUITests.xctest */ = {isa = PBXFileReference; explicitFileType = wrapper.cfbundle; includeInIndex = 0; path = PodoItUITests.xctest; sourceTree = BUILT_PRODUCTS_DIR; };
/* End PBXFileReference section */

/* Begin PBXFileSystemSynchronizedBuildFileExceptionSet section */
		E8571A392E50B3B3001CAD9D /* Exceptions for "PodoIt" folder in "PodoIt" target */ = {
			isa = PBXFileSystemSynchronizedBuildFileExceptionSet;
			membershipExceptions = (
				Info.plist,
			);
			target = E8571A102E50B3B2001CAD9D /* PodoIt */;
		};
/* End PBXFileSystemSynchronizedBuildFileExceptionSet section */

/* Begin PBXFileSystemSynchronizedRootGroup section */
		E8571A132E50B3B2001CAD9D /* PodoIt */ = {
			isa = PBXFileSystemSynchronizedRootGroup;
			exceptions = (
				E8571A392E50B3B3001CAD9D /* Exceptions for "PodoIt" folder in "PodoIt" target */,
			);
			path = PodoIt;
			sourceTree = "<group>";
		};
		E8571A2A2E50B3B3001CAD9D /* PodoItTests */ = {
			isa = PBXFileSystemSynchronizedRootGroup;
			path = PodoItTests;
			sourceTree = "<group>";
		};
		E8571A342E50B3B3001CAD9D /* PodoItUITests */ = {
			isa = PBXFileSystemSynchronizedRootGroup;
			path = PodoItUITests;
			sourceTree = "<group>";
		};
/* End PBXFileSystemSynchronizedRootGroup section */

/* Begin PBXFrameworksBuildPhase section */
		E8571A0E2E50B3B2001CAD9D /* Frameworks */ = {
			isa = PBXFrameworksBuildPhase;
			buildActionMask = 2147483647;
			files = (
			);
			runOnlyForDeploymentPostprocessing = 0;
		};
		E8571A242E50B3B3001CAD9D /* Frameworks */ = {
			isa = PBXFrameworksBuildPhase;
			buildActionMask = 2147483647;
			files = (
			);
			runOnlyForDeploymentPostprocessing = 0;
		};
		E8571A2E2E50B3B3001CAD9D /* Frameworks */ = {
			isa = PBXFrameworksBuildPhase;
			buildActionMask = 2147483647;
			files = (
			);
			runOnlyForDeploymentPostprocessing = 0;
		};
/* End PBXFrameworksBuildPhase section */

/* Begin PBXGroup section */
		E8571A082E50B3B2001CAD9D = {
			isa = PBXGroup;
			children = (
				E8571A132E50B3B2001CAD9D /* PodoIt */,
				E8571A2A2E50B3B3001CAD9D /* PodoItTests */,
				E8571A342E50B3B3001CAD9D /* PodoItUITests */,
				E8571A122E50B3B2001CAD9D /* Products */,
			);
			sourceTree = "<group>";
		};
		E8571A122E50B3B2001CAD9D /* Products */ = {
			isa = PBXGroup;
			children = (
				E8571A112E50B3B2001CAD9D /* PodoIt.app */,
				E8571A272E50B3B3001CAD9D /* PodoItTests.xctest */,
				E8571A312E50B3B3001CAD9D /* PodoItUITests.xctest */,
			);
			name = Products;
			sourceTree = "<group>";
		};
/* End PBXGroup section */

/* Begin PBXNativeTarget section */
		E8571A102E50B3B2001CAD9D /* PodoIt */ = {
			isa = PBXNativeTarget;
			buildConfigurationList = E8571A3A2E50B3B3001CAD9D /* Build configuration list for PBXNativeTarget "PodoIt" */;
			buildPhases = (
				E8571A0D2E50B3B2001CAD9D /* Sources */,
				E8571A0E2E50B3B2001CAD9D /* Frameworks */,
				E8571A0F2E50B3B2001CAD9D /* Resources */,
			);
			buildRules = (
			);
			dependencies = (
			);
			fileSystemSynchronizedGroups = (
				E8571A132E50B3B2001CAD9D /* PodoIt */,
			);
			name = PodoIt;
			packageProductDependencies = (
			);
			productName = PodoIt;
			productReference = E8571A112E50B3B2001CAD9D /* PodoIt.app */;
			productType = "com.apple.product-type.application";
		};
		E8571A262E50B3B3001CAD9D /* PodoItTests */ = {
			isa = PBXNativeTarget;
			buildConfigurationList = E8571A3F2E50B3B3001CAD9D /* Build configuration list for PBXNativeTarget "PodoItTests" */;
			buildPhases = (
				E8571A232E50B3B3001CAD9D /* Sources */,
				E8571A242E50B3B3001CAD9D /* Frameworks */,
				E8571A252E50B3B3001CAD9D /* Resources */,
			);
			buildRules = (
			);
			dependencies = (
				E8571A292E50B3B3001CAD9D /* PBXTargetDependency */,
			);
			fileSystemSynchronizedGroups = (
				E8571A2A2E50B3B3001CAD9D /* PodoItTests */,
			);
			name = PodoItTests;
			packageProductDependencies = (
			);
			productName = PodoItTests;
			productReference = E8571A272E50B3B3001CAD9D /* PodoItTests.xctest */;
			productType = "com.apple.product-type.bundle.unit-test";
		};
		E8571A302E50B3B3001CAD9D /* PodoItUITests */ = {
			isa = PBXNativeTarget;
			buildConfigurationList = E8571A422E50B3B3001CAD9D /* Build configuration list for PBXNativeTarget "PodoItUITests" */;
			buildPhases = (
				E8571A2D2E50B3B3001CAD9D /* Sources */,
				E8571A2E2E50B3B3001CAD9D /* Frameworks */,
				E8571A2F2E50B3B3001CAD9D /* Resources */,
			);
			buildRules = (
			);
			dependencies = (
				E8571A332E50B3B3001CAD9D /* PBXTargetDependency */,
			);
			fileSystemSynchronizedGroups = (
				E8571A342E50B3B3001CAD9D /* PodoItUITests */,
			);
			name = PodoItUITests;
			packageProductDependencies = (
			);
			productName = PodoItUITests;
			productReference = E8571A312E50B3B3001CAD9D /* PodoItUITests.xctest */;
			productType = "com.apple.product-type.bundle.ui-testing";
		};
/* End PBXNativeTarget section */

/* Begin PBXProject section */
		E8571A092E50B3B2001CAD9D /* Project object */ = {
			isa = PBXProject;
			attributes = {
				BuildIndependentTargetsInParallel = 1;
				LastSwiftUpdateCheck = 1640;
				LastUpgradeCheck = 1640;
				TargetAttributes = {
					E8571A102E50B3B2001CAD9D = {
						CreatedOnToolsVersion = 16.4;
					};
					E8571A262E50B3B3001CAD9D = {
						CreatedOnToolsVersion = 16.4;
						TestTargetID = E8571A102E50B3B2001CAD9D;
					};
					E8571A302E50B3B3001CAD9D = {
						CreatedOnToolsVersion = 16.4;
						TestTargetID = E8571A102E50B3B2001CAD9D;
					};
				};
			};
			buildConfigurationList = E8571A0C2E50B3B2001CAD9D /* Build configuration list for PBXProject "PodoIt" */;
			developmentRegion = en;
			hasScannedForEncodings = 0;
			knownRegions = (
				en,
				Base,
			);
			mainGroup = E8571A082E50B3B2001CAD9D;
			minimizedProjectReferenceProxies = 1;
			preferredProjectObjectVersion = 77;
			productRefGroup = E8571A122E50B3B2001CAD9D /* Products */;
			projectDirPath = "";
			projectRoot = "";
			targets = (
				E8571A102E50B3B2001CAD9D /* PodoIt */,
				E8571A262E50B3B3001CAD9D /* PodoItTests */,
				E8571A302E50B3B3001CAD9D /* PodoItUITests */,
			);
		};
/* End PBXProject section */

/* Begin PBXResourcesBuildPhase section */
		E8571A0F2E50B3B2001CAD9D /* Resources */ = {
			isa = PBXResourcesBuildPhase;
			buildActionMask = 2147483647;
			files = (
			);
			runOnlyForDeploymentPostprocessing = 0;
		};
		E8571A252E50B3B3001CAD9D /* Resources */ = {
			isa = PBXResourcesBuildPhase;
			buildActionMask = 2147483647;
			files = (
			);
			runOnlyForDeploymentPostprocessing = 0;
		};
		E8571A2F2E50B3B3001CAD9D /* Resources */ = {
			isa = PBXResourcesBuildPhase;
			buildActionMask = 2147483647;
			files = (
			);
			runOnlyForDeploymentPostprocessing = 0;
		};
/* End PBXResourcesBuildPhase section */

/* Begin PBXSourcesBuildPhase section */
		E8571A0D2E50B3B2001CAD9D /* Sources */ = {
			isa = PBXSourcesBuildPhase;
			buildActionMask = 2147483647;
			files = (
			);
			runOnlyForDeploymentPostprocessing = 0;
		};
		E8571A232E50B3B3001CAD9D /* Sources */ = {
			isa = PBXSourcesBuildPhase;
			buildActionMask = 2147483647;
			files = (
			);
			runOnlyForDeploymentPostprocessing = 0;
		};
		E8571A2D2E50B3B3001CAD9D /* Sources */ = {
			isa = PBXSourcesBuildPhase;
			buildActionMask = 2147483647;
			files = (
			);
			runOnlyForDeploymentPostprocessing = 0;
		};
/* End PBXSourcesBuildPhase section */

/* Begin PBXTargetDependency section */
		E8571A292E50B3B3001CAD9D /* PBXTargetDependency */ = {
			isa = PBXTargetDependency;
			target = E8571A102E50B3B2001CAD9D /* PodoIt */;
			targetProxy = E8571A282E50B3B3001CAD9D /* PBXContainerItemProxy */;
		};
		E8571A332E50B3B3001CAD9D /* PBXTargetDependency */ = {
			isa = PBXTargetDependency;
			target = E8571A102E50B3B2001CAD9D /* PodoIt */;
			targetProxy = E8571A322E50B3B3001CAD9D /* PBXContainerItemProxy */;
		};
/* End PBXTargetDependency section */

/* Begin XCBuildConfiguration section */
		E8571A3B2E50B3B3001CAD9D /* Debug */ = {
			isa = XCBuildConfiguration;
			buildSettings = {
				ASSETCATALOG_COMPILER_APPICON_NAME = AppIcon;
				ASSETCATALOG_COMPILER_GLOBAL_ACCENT_COLOR_NAME = AccentColor;
				CODE_SIGN_STYLE = Automatic;
				CURRENT_PROJECT_VERSION = 1;
				DEVELOPMENT_TEAM = Y774295X22;
				GENERATE_INFOPLIST_FILE = YES;
				INFOPLIST_FILE = PodoIt/Info.plist;
				INFOPLIST_KEY_UIApplicationSupportsIndirectInputEvents = YES;
				INFOPLIST_KEY_UILaunchStoryboardName = LaunchScreen;
				INFOPLIST_KEY_UIMainStoryboardFile = Main;
				INFOPLIST_KEY_UISupportedInterfaceOrientations_iPad = "UIInterfaceOrientationPortrait UIInterfaceOrientationPortraitUpsideDown UIInterfaceOrientationLandscapeLeft UIInterfaceOrientationLandscapeRight";
				INFOPLIST_KEY_UISupportedInterfaceOrientations_iPhone = "UIInterfaceOrientationPortrait UIInterfaceOrientationLandscapeLeft UIInterfaceOrientationLandscapeRight";
				LD_RUNPATH_SEARCH_PATHS = (
					"$(inherited)",
					"@executable_path/Frameworks",
				);
				MARKETING_VERSION = 1.0;
				PRODUCT_BUNDLE_IDENTIFIER = com.hxxru.PodoIt;
				PRODUCT_NAME = "$(TARGET_NAME)";
				SWIFT_EMIT_LOC_STRINGS = YES;
				SWIFT_VERSION = 5.0;
				TARGETED_DEVICE_FAMILY = "1,2";
			};
			name = Debug;
		};
		E8571A3C2E50B3B3001CAD9D /* Release */ = {
			isa = XCBuildConfiguration;
			buildSettings = {
				ASSETCATALOG_COMPILER_APPICON_NAME = AppIcon;
				ASSETCATALOG_COMPILER_GLOBAL_ACCENT_COLOR_NAME = AccentColor;
				CODE_SIGN_STYLE = Automatic;
				CURRENT_PROJECT_VERSION = 1;
				DEVELOPMENT_TEAM = Y774295X22;
				GENERATE_INFOPLIST_FILE = YES;
				INFOPLIST_FILE = PodoIt/Info.plist;
				INFOPLIST_KEY_UIApplicationSupportsIndirectInputEvents = YES;
				INFOPLIST_KEY_UILaunchStoryboardName = LaunchScreen;
				INFOPLIST_KEY_UIMainStoryboardFile = Main;
				INFOPLIST_KEY_UISupportedInterfaceOrientations_iPad = "UIInterfaceOrientationPortrait UIInterfaceOrientationPortraitUpsideDown UIInterfaceOrientationLandscapeLeft UIInterfaceOrientationLandscapeRight";
				INFOPLIST_KEY_UISupportedInterfaceOrientations_iPhone = "UIInterfaceOrientationPortrait UIInterfaceOrientationLandscapeLeft UIInterfaceOrientationLandscapeRight";
				LD_RUNPATH_SEARCH_PATHS = (
					"$(inherited)",
					"@executable_path/Frameworks",
				);
				MARKETING_VERSION = 1.0;
				PRODUCT_BUNDLE_IDENTIFIER = com.hxxru.PodoIt;
				PRODUCT_NAME = "$(TARGET_NAME)";
				SWIFT_EMIT_LOC_STRINGS = YES;
				SWIFT_VERSION = 5.0;
				TARGETED_DEVICE_FAMILY = "1,2";
			};
			name = Release;
		};
		E8571A3D2E50B3B3001CAD9D /* Debug */ = {
			isa = XCBuildConfiguration;
			buildSettings = {
				ALWAYS_SEARCH_USER_PATHS = NO;
				ASSETCATALOG_COMPILER_GENERATE_SWIFT_ASSET_SYMBOL_EXTENSIONS = YES;
				CLANG_ANALYZER_NONNULL = YES;
				CLANG_ANALYZER_NUMBER_OBJECT_CONVERSION = YES_AGGRESSIVE;
				CLANG_CXX_LANGUAGE_STANDARD = "gnu++20";
				CLANG_ENABLE_MODULES = YES;
				CLANG_ENABLE_OBJC_ARC = YES;
				CLANG_ENABLE_OBJC_WEAK = YES;
				CLANG_WARN_BLOCK_CAPTURE_AUTORELEASING = YES;
				CLANG_WARN_BOOL_CONVERSION = YES;
				CLANG_WARN_COMMA = YES;
				CLANG_WARN_CONSTANT_CONVERSION = YES;
				CLANG_WARN_DEPRECATED_OBJC_IMPLEMENTATIONS = YES;
				CLANG_WARN_DIRECT_OBJC_ISA_USAGE = YES_ERROR;
				CLANG_WARN_DOCUMENTATION_COMMENTS = YES;
				CLANG_WARN_EMPTY_BODY = YES;
				CLANG_WARN_ENUM_CONVERSION = YES;
				CLANG_WARN_INFINITE_RECURSION = YES;
				CLANG_WARN_INT_CONVERSION = YES;
				CLANG_WARN_NON_LITERAL_NULL_CONVERSION = YES;
				CLANG_WARN_OBJC_IMPLICIT_RETAIN_SELF = YES;
				CLANG_WARN_OBJC_LITERAL_CONVERSION = YES;
				CLANG_WARN_OBJC_ROOT_CLASS = YES_ERROR;
				CLANG_WARN_QUOTED_INCLUDE_IN_FRAMEWORK_HEADER = YES;
				CLANG_WARN_RANGE_LOOP_ANALYSIS = YES;
				CLANG_WARN_STRICT_PROTOTYPES = YES;
				CLANG_WARN_SUSPICIOUS_MOVE = YES;
				CLANG_WARN_UNGUARDED_AVAILABILITY = YES_AGGRESSIVE;
				CLANG_WARN_UNREACHABLE_CODE = YES;
				CLANG_WARN__DUPLICATE_METHOD_MATCH = YES;
				COPY_PHASE_STRIP = NO;
				DEBUG_INFORMATION_FORMAT = dwarf;
				DEVELOPMENT_TEAM = Y774295X22;
				ENABLE_STRICT_OBJC_MSGSEND = YES;
				ENABLE_TESTABILITY = YES;
				ENABLE_USER_SCRIPT_SANDBOXING = YES;
				GCC_C_LANGUAGE_STANDARD = gnu17;
				GCC_DYNAMIC_NO_PIC = NO;
				GCC_NO_COMMON_BLOCKS = YES;
				GCC_OPTIMIZATION_LEVEL = 0;
				GCC_PREPROCESSOR_DEFINITIONS = (
					"DEBUG=1",
					"$(inherited)",
				);
				GCC_WARN_64_TO_32_BIT_CONVERSION = YES;
				GCC_WARN_ABOUT_RETURN_TYPE = YES_ERROR;
				GCC_WARN_UNDECLARED_SELECTOR = YES;
				GCC_WARN_UNINITIALIZED_AUTOS = YES_AGGRESSIVE;
				GCC_WARN_UNUSED_FUNCTION = YES;
				GCC_WARN_UNUSED_VARIABLE = YES;
				IPHONEOS_DEPLOYMENT_TARGET = 18.5;
				LOCALIZATION_PREFERS_STRING_CATALOGS = YES;
				MTL_ENABLE_DEBUG_INFO = INCLUDE_SOURCE;
				MTL_FAST_MATH = YES;
				ONLY_ACTIVE_ARCH = YES;
				SDKROOT = iphoneos;
				SWIFT_ACTIVE_COMPILATION_CONDITIONS = "DEBUG $(inherited)";
				SWIFT_OPTIMIZATION_LEVEL = "-Onone";
			};
			name = Debug;
		};
		E8571A3E2E50B3B3001CAD9D /* Release */ = {
			isa = XCBuildConfiguration;
			buildSettings = {
				ALWAYS_SEARCH_USER_PATHS = NO;
				ASSETCATALOG_COMPILER_GENERATE_SWIFT_ASSET_SYMBOL_EXTENSIONS = YES;
				CLANG_ANALYZER_NONNULL = YES;
				CLANG_ANALYZER_NUMBER_OBJECT_CONVERSION = YES_AGGRESSIVE;
				CLANG_CXX_LANGUAGE_STANDARD = "gnu++20";
				CLANG_ENABLE_MODULES = YES;
				CLANG_ENABLE_OBJC_ARC = YES;
				CLANG_ENABLE_OBJC_WEAK = YES;
				CLANG_WARN_BLOCK_CAPTURE_AUTORELEASING = YES;
				CLANG_WARN_BOOL_CONVERSION = YES;
				CLANG_WARN_COMMA = YES;
				CLANG_WARN_CONSTANT_CONVERSION = YES;
				CLANG_WARN_DEPRECATED_OBJC_IMPLEMENTATIONS = YES;
				CLANG_WARN_DIRECT_OBJC_ISA_USAGE = YES_ERROR;
				CLANG_WARN_DOCUMENTATION_COMMENTS = YES;
				CLANG_WARN_EMPTY_BODY = YES;
				CLANG_WARN_ENUM_CONVERSION = YES;
				CLANG_WARN_INFINITE_RECURSION = YES;
				CLANG_WARN_INT_CONVERSION = YES;
				CLANG_WARN_NON_LITERAL_NULL_CONVERSION = YES;
				CLANG_WARN_OBJC_IMPLICIT_RETAIN_SELF = YES;
				CLANG_WARN_OBJC_LITERAL_CONVERSION = YES;
				CLANG_WARN_OBJC_ROOT_CLASS = YES_ERROR;
				CLANG_WARN_QUOTED_INCLUDE_IN_FRAMEWORK_HEADER = YES;
				CLANG_WARN_RANGE_LOOP_ANALYSIS = YES;
				CLANG_WARN_STRICT_PROTOTYPES = YES;
				CLANG_WARN_SUSPICIOUS_MOVE = YES;
				CLANG_WARN_UNGUARDED_AVAILABILITY = YES_AGGRESSIVE;
				CLANG_WARN_UNREACHABLE_CODE = YES;
				CLANG_WARN__DUPLICATE_METHOD_MATCH = YES;
				COPY_PHASE_STRIP = NO;
				DEBUG_INFORMATION_FORMAT = "dwarf-with-dsym";
				DEVELOPMENT_TEAM = Y774295X22;
				ENABLE_NS_ASSERTIONS = NO;
				ENABLE_STRICT_OBJC_MSGSEND = YES;
				ENABLE_USER_SCRIPT_SANDBOXING = YES;
				GCC_C_LANGUAGE_STANDARD = gnu17;
				GCC_NO_COMMON_BLOCKS = YES;
				GCC_WARN_64_TO_32_BIT_CONVERSION = YES;
				GCC_WARN_ABOUT_RETURN_TYPE = YES_ERROR;
				GCC_WARN_UNDECLARED_SELECTOR = YES;
				GCC_WARN_UNINITIALIZED_AUTOS = YES_AGGRESSIVE;
				GCC_WARN_UNUSED_FUNCTION = YES;
				GCC_WARN_UNUSED_VARIABLE = YES;
				IPHONEOS_DEPLOYMENT_TARGET = 18.5;
				LOCALIZATION_PREFERS_STRING_CATALOGS = YES;
				MTL_ENABLE_DEBUG_INFO = NO;
				MTL_FAST_MATH = YES;
				SDKROOT = iphoneos;
				SWIFT_COMPILATION_MODE = wholemodule;
				VALIDATE_PRODUCT = YES;
			};
			name = Release;
		};
		E8571A402E50B3B3001CAD9D /* Debug */ = {
			isa = XCBuildConfiguration;
			buildSettings = {
				BUNDLE_LOADER = "$(TEST_HOST)";
				CODE_SIGN_STYLE = Automatic;
				CURRENT_PROJECT_VERSION = 1;
				DEVELOPMENT_TEAM = Y774295X22;
				GENERATE_INFOPLIST_FILE = YES;
				IPHONEOS_DEPLOYMENT_TARGET = 18.5;
				MARKETING_VERSION = 1.0;
				PRODUCT_BUNDLE_IDENTIFIER = com.hxxru.PodoItTests;
				PRODUCT_NAME = "$(TARGET_NAME)";
				SWIFT_EMIT_LOC_STRINGS = NO;
				SWIFT_VERSION = 5.0;
				TARGETED_DEVICE_FAMILY = "1,2";
				TEST_HOST = "$(BUILT_PRODUCTS_DIR)/PodoIt.app/$(BUNDLE_EXECUTABLE_FOLDER_PATH)/PodoIt";
			};
			name = Debug;
		};
		E8571A412E50B3B3001CAD9D /* Release */ = {
			isa = XCBuildConfiguration;
			buildSettings = {
				BUNDLE_LOADER = "$(TEST_HOST)";
				CODE_SIGN_STYLE = Automatic;
				CURRENT_PROJECT_VERSION = 1;
				DEVELOPMENT_TEAM = Y774295X22;
				GENERATE_INFOPLIST_FILE = YES;
				IPHONEOS_DEPLOYMENT_TARGET = 18.5;
				MARKETING_VERSION = 1.0;
				PRODUCT_BUNDLE_IDENTIFIER = com.hxxru.PodoItTests;
				PRODUCT_NAME = "$(TARGET_NAME)";
				SWIFT_EMIT_LOC_STRINGS = NO;
				SWIFT_VERSION = 5.0;
				TARGETED_DEVICE_FAMILY = "1,2";
				TEST_HOST = "$(BUILT_PRODUCTS_DIR)/PodoIt.app/$(BUNDLE_EXECUTABLE_FOLDER_PATH)/PodoIt";
			};
			name = Release;
		};
		E8571A432E50B3B3001CAD9D /* Debug */ = {
			isa = XCBuildConfiguration;
			buildSettings = {
				CODE_SIGN_STYLE = Automatic;
				CURRENT_PROJECT_VERSION = 1;
				DEVELOPMENT_TEAM = Y774295X22;
				GENERATE_INFOPLIST_FILE = YES;
				MARKETING_VERSION = 1.0;
				PRODUCT_BUNDLE_IDENTIFIER = com.hxxru.PodoItUITests;
				PRODUCT_NAME = "$(TARGET_NAME)";
				SWIFT_EMIT_LOC_STRINGS = NO;
				SWIFT_VERSION = 5.0;
				TARGETED_DEVICE_FAMILY = "1,2";
				TEST_TARGET_NAME = PodoIt;
			};
			name = Debug;
		};
		E8571A442E50B3B3001CAD9D /* Release */ = {
			isa = XCBuildConfiguration;
			buildSettings = {
				CODE_SIGN_STYLE = Automatic;
				CURRENT_PROJECT_VERSION = 1;
				DEVELOPMENT_TEAM = Y774295X22;
				GENERATE_INFOPLIST_FILE = YES;
				MARKETING_VERSION = 1.0;
				PRODUCT_BUNDLE_IDENTIFIER = com.hxxru.PodoItUITests;
				PRODUCT_NAME = "$(TARGET_NAME)";
				SWIFT_EMIT_LOC_STRINGS = NO;
				SWIFT_VERSION = 5.0;
				TARGETED_DEVICE_FAMILY = "1,2";
				TEST_TARGET_NAME = PodoIt;
			};
			name = Release;
		};
/* End XCBuildConfiguration section */

/* Begin XCConfigurationList section */
		E8571A0C2E50B3B2001CAD9D /* Build configuration list for PBXProject "PodoIt" */ = {
			isa = XCConfigurationList;
			buildConfigurations = (
				E8571A3D2E50B3B3001CAD9D /* Debug */,
				E8571A3E2E50B3B3001CAD9D /* Release */,
			);
			defaultConfigurationIsVisible = 0;
			defaultConfigurationName = Release;
		};
		E8571A3A2E50B3B3001CAD9D /* Build configuration list for PBXNativeTarget "PodoIt" */ = {
			isa = XCConfigurationList;
			buildConfigurations = (
				E8571A3B2E50B3B3001CAD9D /* Debug */,
				E8571A3C2E50B3B3001CAD9D /* Release */,
			);
			defaultConfigurationIsVisible = 0;
			defaultConfigurationName = Release;
		};
		E8571A3F2E50B3B3001CAD9D /* Build configuration list for PBXNativeTarget "PodoItTests" */ = {
			isa = XCConfigurationList;
			buildConfigurations = (
				E8571A402E50B3B3001CAD9D /* Debug */,
				E8571A412E50B3B3001CAD9D /* Release */,
			);
			defaultConfigurationIsVisible = 0;
			defaultConfigurationName = Release;
		};
		E8571A422E50B3B3001CAD9D /* Build configuration list for PBXNativeTarget "PodoItUITests" */ = {
			isa = XCConfigurationList;
			buildConfigurations = (
				E8571A432E50B3B3001CAD9D /* Debug */,
				E8571A442E50B3B3001CAD9D /* Release */,
			);
			defaultConfigurationIsVisible = 0;
			defaultConfigurationName = Release;
		};
/* End XCConfigurationList section */
	};
	rootObject = E8571A092E50B3B2001CAD9D /* Project object */;
}
